[[package]]
category = "main"
description = "A powerful declarative symmetric parser/builder for binary data"
name = "construct"
optional = false
python-versions = ">=3.6"
version = "2.10.56"

[package.extras]
extras = ["enum34", "numpy", "arrow", "ruamel.yaml"]

[metadata]
content-hash = "9888b507cd444d1013c7041feedcb88d1c6c7b52eeba8187c12d62f6db689103"
python-versions = "^3.6"

[metadata.files]
construct = [
    {file = "construct-2.10.56.tar.gz", hash = "sha256:97ba13edcd98546f10f7555af41c8ce7ae9d8221525ec4062c03f9adbf940661"},
]
